# This file is automatically @generated by Cargo.
# It is not intended for manual editing.
version = 4

[[package]]
name = "bytewren-capture"
version = "0.0.1"

[[package]]
name = "bytewren-cli"
version = "0.0.1"
dependencies = [
 "bytewren-capture",
 "bytewren-proto",
]

[[package]]
name = "bytewren-proto"
version = "0.0.1"
